<?xml version="1.0" encoding="UTF-8"?>
<!DOCTYPE plist PUBLIC "-//Apple//DTD PLIST 1.0//EN" "http://www.apple.com/DTDs/PropertyList-1.0.dtd">
<plist version="1.0">
<dict>
	<key>archiveVersion</key>
	<string>1</string>
	<key>classes</key>
	<dict/>
	<key>objectVersion</key>
	<string>46</string>
	<key>objects</key>
	<dict>
		<key>116E0A3ED8B5451DCDA1263F</key>
		<dict>
			<key>includeInIndex</key>
			<string>1</string>
			<key>isa</key>
			<string>PBXFileReference</string>
			<key>lastKnownFileType</key>
			<string>text.xcconfig</string>
			<key>name</key>
			<string>Pods.debug.xcconfig</string>
			<key>path</key>
			<string>Pods/Target Support Files/Pods/Pods.debug.xcconfig</string>
			<key>sourceTree</key>
			<string>&lt;group&gt;</string>
		</dict>
		<key>1AA47355EC29FE10C9ED7D78</key>
		<dict>
			<key>fileRef</key>
			<string>814C5BA4C1F783D5721B36AD</string>
			<key>isa</key>
			<string>PBXBuildFile</string>
		</dict>
		<key>2FA27A199968201F3D554977</key>
		<dict>
			<key>includeInIndex</key>
			<string>1</string>
			<key>isa</key>
			<string>PBXFileReference</string>
			<key>lastKnownFileType</key>
			<string>text.xcconfig</string>
			<key>name</key>
			<string>Pods.release.xcconfig</string>
			<key>path</key>
			<string>Pods/Target Support Files/Pods/Pods.release.xcconfig</string>
			<key>sourceTree</key>
			<string>&lt;group&gt;</string>
		</dict>
		<key>355FF49F6D5EC51A7CC724D1</key>
		<dict>
			<key>children</key>
			<array>
				<string>116E0A3ED8B5451DCDA1263F</string>
				<string>2FA27A199968201F3D554977</string>
			</array>
			<key>isa</key>
			<string>PBXGroup</string>
			<key>name</key>
			<string>Pods</string>
			<key>sourceTree</key>
			<string>&lt;group&gt;</string>
		</dict>
		<key>6498783558F213A057F50EB8</key>
		<dict>
			<key>buildActionMask</key>
			<string>2147483647</string>
			<key>files</key>
			<array/>
			<key>inputPaths</key>
			<array/>
			<key>isa</key>
			<string>PBXShellScriptBuildPhase</string>
			<key>name</key>
			<string>Check Pods Manifest.lock</string>
			<key>outputPaths</key>
			<array/>
			<key>runOnlyForDeploymentPostprocessing</key>
			<string>0</string>
			<key>shellPath</key>
			<string>/bin/sh</string>
			<key>shellScript</key>
			<string>diff "${PODS_ROOT}/../Podfile.lock" "${PODS_ROOT}/Manifest.lock" &gt; /dev/null
if [[ $? != 0 ]] ; then
    cat &lt;&lt; EOM
error: The sandbox is not in sync with the Podfile.lock. Run 'pod install' or update your CocoaPods installation.
EOM
    exit 1
fi
</string>
			<key>showEnvVarsInLog</key>
			<string>0</string>
		</dict>
		<key>6735923119DB696000BF2B70</key>
		<dict>
			<key>fileEncoding</key>
			<string>4</string>
			<key>isa</key>
			<string>PBXFileReference</string>
			<key>lastKnownFileType</key>
			<string>sourcecode.c.h</string>
			<key>path</key>
			<string>SignInAltViewController.h</string>
			<key>sourceTree</key>
			<string>&lt;group&gt;</string>
		</dict>
		<key>6735923219DB696000BF2B70</key>
		<dict>
			<key>fileEncoding</key>
			<string>4</string>
			<key>isa</key>
			<string>PBXFileReference</string>
			<key>lastKnownFileType</key>
			<string>sourcecode.c.objc</string>
			<key>path</key>
			<string>SignInAltViewController.m</string>
			<key>sourceTree</key>
			<string>&lt;group&gt;</string>
		</dict>
		<key>6735923319DB696000BF2B70</key>
		<dict>
			<key>fileRef</key>
			<string>6735923219DB696000BF2B70</string>
			<key>isa</key>
			<string>PBXBuildFile</string>
		</dict>
		<key>6735923419DB6A2400BF2B70</key>
		<dict>
			<key>fileEncoding</key>
			<string>4</string>
			<key>isa</key>
			<string>PBXFileReference</string>
			<key>lastKnownFileType</key>
			<string>sourcecode.c.h</string>
			<key>path</key>
			<string>ProfileViewController.h</string>
			<key>sourceTree</key>
			<string>&lt;group&gt;</string>
		</dict>
		<key>6735923519DB6A2400BF2B70</key>
		<dict>
			<key>fileEncoding</key>
			<string>4</string>
			<key>isa</key>
			<string>PBXFileReference</string>
			<key>lastKnownFileType</key>
			<string>sourcecode.c.objc</string>
			<key>path</key>
			<string>ProfileViewController.m</string>
			<key>sourceTree</key>
			<string>&lt;group&gt;</string>
		</dict>
		<key>6735923619DB6A2400BF2B70</key>
		<dict>
			<key>fileRef</key>
			<string>6735923519DB6A2400BF2B70</string>
			<key>isa</key>
			<string>PBXBuildFile</string>
		</dict>
		<key>6735923719DB6A3400BF2B70</key>
		<dict>
			<key>fileEncoding</key>
			<string>4</string>
			<key>isa</key>
			<string>PBXFileReference</string>
			<key>lastKnownFileType</key>
			<string>sourcecode.c.h</string>
			<key>path</key>
			<string>MapViewController.h</string>
			<key>sourceTree</key>
			<string>&lt;group&gt;</string>
		</dict>
		<key>6735923819DB6A3400BF2B70</key>
		<dict>
			<key>fileEncoding</key>
			<string>4</string>
			<key>isa</key>
			<string>PBXFileReference</string>
			<key>lastKnownFileType</key>
			<string>sourcecode.c.objc</string>
			<key>path</key>
			<string>MapViewController.m</string>
			<key>sourceTree</key>
			<string>&lt;group&gt;</string>
		</dict>
		<key>6735923919DB6A3400BF2B70</key>
		<dict>
			<key>fileRef</key>
			<string>6735923819DB6A3400BF2B70</string>
			<key>isa</key>
			<string>PBXBuildFile</string>
		</dict>
		<key>6735923A19DB6A4600BF2B70</key>
		<dict>
			<key>fileEncoding</key>
			<string>4</string>
			<key>isa</key>
			<string>PBXFileReference</string>
			<key>lastKnownFileType</key>
			<string>sourcecode.c.h</string>
			<key>path</key>
			<string>DirectoryViewController.h</string>
			<key>sourceTree</key>
			<string>&lt;group&gt;</string>
		</dict>
		<key>6735923B19DB6A4600BF2B70</key>
		<dict>
			<key>fileEncoding</key>
			<string>4</string>
			<key>isa</key>
			<string>PBXFileReference</string>
			<key>lastKnownFileType</key>
			<string>sourcecode.c.objc</string>
			<key>path</key>
			<string>DirectoryViewController.m</string>
			<key>sourceTree</key>
			<string>&lt;group&gt;</string>
		</dict>
		<key>6735923C19DB6A4600BF2B70</key>
		<dict>
			<key>fileRef</key>
			<string>6735923B19DB6A4600BF2B70</string>
			<key>isa</key>
			<string>PBXBuildFile</string>
		</dict>
		<key>676FCDCC19C8EDBA0015AF48</key>
		<dict>
			<key>children</key>
			<array>
				<string>676FCDDE19C8EDBA0015AF48</string>
				<string>676FCDFD19C8EDBB0015AF48</string>
				<string>676FCDD719C8EDBA0015AF48</string>
				<string>676FCDD619C8EDBA0015AF48</string>
				<string>355FF49F6D5EC51A7CC724D1</string>
			</array>
			<key>isa</key>
			<string>PBXGroup</string>
			<key>sourceTree</key>
			<string>&lt;group&gt;</string>
		</dict>
		<key>676FCDCD19C8EDBA0015AF48</key>
		<dict>
			<key>attributes</key>
			<dict>
				<key>LastUpgradeCheck</key>
				<string>0510</string>
				<key>ORGANIZATIONNAME</key>
				<string>Grinnell AppDev</string>
				<key>TargetAttributes</key>
				<dict>
					<key>676FCDF519C8EDBA0015AF48</key>
					<dict>
						<key>TestTargetID</key>
						<string>676FCDD419C8EDBA0015AF48</string>
					</dict>
				</dict>
			</dict>
			<key>buildConfigurationList</key>
			<string>676FCDD019C8EDBA0015AF48</string>
			<key>compatibilityVersion</key>
			<string>Xcode 3.2</string>
			<key>developmentRegion</key>
			<string>English</string>
			<key>hasScannedForEncodings</key>
			<string>0</string>
			<key>isa</key>
			<string>PBXProject</string>
			<key>knownRegions</key>
			<array>
				<string>en</string>
				<string>Base</string>
			</array>
			<key>mainGroup</key>
			<string>676FCDCC19C8EDBA0015AF48</string>
			<key>productRefGroup</key>
			<string>676FCDD619C8EDBA0015AF48</string>
			<key>projectDirPath</key>
			<string></string>
			<key>projectReferences</key>
			<array/>
			<key>projectRoot</key>
			<string></string>
			<key>targets</key>
			<array>
				<string>676FCDD419C8EDBA0015AF48</string>
				<string>676FCDF519C8EDBA0015AF48</string>
			</array>
		</dict>
		<key>676FCDD019C8EDBA0015AF48</key>
		<dict>
			<key>buildConfigurations</key>
			<array>
				<string>676FCE0519C8EDBB0015AF48</string>
				<string>676FCE0619C8EDBB0015AF48</string>
			</array>
			<key>defaultConfigurationIsVisible</key>
			<string>0</string>
			<key>defaultConfigurationName</key>
			<string>Release</string>
			<key>isa</key>
			<string>XCConfigurationList</string>
		</dict>
		<key>676FCDD119C8EDBA0015AF48</key>
		<dict>
			<key>buildActionMask</key>
			<string>2147483647</string>
			<key>files</key>
			<array>
				<string>676FCE3319C9E3F60015AF48</string>
				<string>676FCE1519C8F4470015AF48</string>
				<string>676FCE1C19C8FA7A0015AF48</string>
				<string>6735923319DB696000BF2B70</string>
				<string>6735923619DB6A2400BF2B70</string>
				<string>676FCE0F19C8F2730015AF48</string>
				<string>676FCE1219C8F3CA0015AF48</string>
				<string>676FCDEF19C8EDBA0015AF48</string>
				<string>6735923C19DB6A4600BF2B70</string>
				<string>676FCDE919C8EDBA0015AF48</string>
				<string>676FCDE519C8EDBA0015AF48</string>
				<string>6735923919DB6A3400BF2B70</string>
			</array>
			<key>isa</key>
			<string>PBXSourcesBuildPhase</string>
			<key>runOnlyForDeploymentPostprocessing</key>
			<string>0</string>
		</dict>
		<key>676FCDD219C8EDBA0015AF48</key>
		<dict>
			<key>buildActionMask</key>
			<string>2147483647</string>
			<key>files</key>
			<array>
				<string>676FCE3019C9DF850015AF48</string>
				<string>676FCE2E19C9DF7C0015AF48</string>
				<string>676FCE2C19C9DF740015AF48</string>
				<string>676FCE2A19C9DF6C0015AF48</string>
				<string>676FCE2819C9DF630015AF48</string>
				<string>676FCE2619C9DF5A0015AF48</string>
				<string>676FCE2419C9DF510015AF48</string>
				<string>676FCE2219C9DF480015AF48</string>
				<string>676FCE2019C9DF220015AF48</string>
				<string>676FCE1E19C9DF1B0015AF48</string>
				<string>676FCDDB19C8EDBA0015AF48</string>
				<string>676FCDDD19C8EDBA0015AF48</string>
				<string>676FCDD919C8EDBA0015AF48</string>
				<string>1AA47355EC29FE10C9ED7D78</string>
			</array>
			<key>isa</key>
			<string>PBXFrameworksBuildPhase</string>
			<key>runOnlyForDeploymentPostprocessing</key>
			<string>0</string>
		</dict>
		<key>676FCDD319C8EDBA0015AF48</key>
		<dict>
			<key>buildActionMask</key>
			<string>2147483647</string>
			<key>files</key>
			<array>
				<string>676FCDF119C8EDBA0015AF48</string>
				<string>676FCDE319C8EDBA0015AF48</string>
				<string>676FCE1819C8F4FA0015AF48</string>
				<string>676FCDEC19C8EDBA0015AF48</string>
			</array>
			<key>isa</key>
			<string>PBXResourcesBuildPhase</string>
			<key>runOnlyForDeploymentPostprocessing</key>
			<string>0</string>
		</dict>
		<key>676FCDD419C8EDBA0015AF48</key>
		<dict>
			<key>buildConfigurationList</key>
			<string>676FCE0719C8EDBB0015AF48</string>
			<key>buildPhases</key>
			<array>
				<string>6498783558F213A057F50EB8</string>
				<string>676FCDD119C8EDBA0015AF48</string>
				<string>676FCDD219C8EDBA0015AF48</string>
				<string>676FCDD319C8EDBA0015AF48</string>
				<string>86A4A452CD148653DF0F7E91</string>
			</array>
			<key>buildRules</key>
			<array/>
			<key>dependencies</key>
			<array/>
			<key>isa</key>
			<string>PBXNativeTarget</string>
			<key>name</key>
			<string>AlumniDB</string>
			<key>productName</key>
			<string>AlumniDB</string>
			<key>productReference</key>
			<string>676FCDD519C8EDBA0015AF48</string>
			<key>productType</key>
			<string>com.apple.product-type.application</string>
		</dict>
		<key>676FCDD519C8EDBA0015AF48</key>
		<dict>
			<key>explicitFileType</key>
			<string>wrapper.application</string>
			<key>includeInIndex</key>
			<string>0</string>
			<key>isa</key>
			<string>PBXFileReference</string>
			<key>path</key>
			<string>AlumniDB.app</string>
			<key>sourceTree</key>
			<string>BUILT_PRODUCTS_DIR</string>
		</dict>
		<key>676FCDD619C8EDBA0015AF48</key>
		<dict>
			<key>children</key>
			<array>
				<string>676FCDD519C8EDBA0015AF48</string>
				<string>676FCDF619C8EDBA0015AF48</string>
			</array>
			<key>isa</key>
			<string>PBXGroup</string>
			<key>name</key>
			<string>Products</string>
			<key>sourceTree</key>
			<string>&lt;group&gt;</string>
		</dict>
		<key>676FCDD719C8EDBA0015AF48</key>
		<dict>
			<key>children</key>
			<array>
				<string>676FCE2F19C9DF850015AF48</string>
				<string>676FCE2D19C9DF7B0015AF48</string>
				<string>676FCE2B19C9DF740015AF48</string>
				<string>676FCE2919C9DF6C0015AF48</string>
				<string>676FCE2719C9DF630015AF48</string>
				<string>676FCE2519C9DF5A0015AF48</string>
				<string>676FCE2319C9DF510015AF48</string>
				<string>676FCE2119C9DF480015AF48</string>
				<string>676FCE1F19C9DF220015AF48</string>
				<string>676FCE1D19C9DF1B0015AF48</string>
				<string>676FCDD819C8EDBA0015AF48</string>
				<string>676FCDDA19C8EDBA0015AF48</string>
				<string>676FCDDC19C8EDBA0015AF48</string>
				<string>676FCDF719C8EDBA0015AF48</string>
				<string>814C5BA4C1F783D5721B36AD</string>
			</array>
			<key>isa</key>
			<string>PBXGroup</string>
			<key>name</key>
			<string>Frameworks</string>
			<key>sourceTree</key>
			<string>&lt;group&gt;</string>
		</dict>
		<key>676FCDD819C8EDBA0015AF48</key>
		<dict>
			<key>isa</key>
			<string>PBXFileReference</string>
			<key>lastKnownFileType</key>
			<string>wrapper.framework</string>
			<key>name</key>
			<string>Foundation.framework</string>
			<key>path</key>
			<string>System/Library/Frameworks/Foundation.framework</string>
			<key>sourceTree</key>
			<string>SDKROOT</string>
		</dict>
		<key>676FCDD919C8EDBA0015AF48</key>
		<dict>
			<key>fileRef</key>
			<string>676FCDD819C8EDBA0015AF48</string>
			<key>isa</key>
			<string>PBXBuildFile</string>
		</dict>
		<key>676FCDDA19C8EDBA0015AF48</key>
		<dict>
			<key>isa</key>
			<string>PBXFileReference</string>
			<key>lastKnownFileType</key>
			<string>wrapper.framework</string>
			<key>name</key>
			<string>CoreGraphics.framework</string>
			<key>path</key>
			<string>System/Library/Frameworks/CoreGraphics.framework</string>
			<key>sourceTree</key>
			<string>SDKROOT</string>
		</dict>
		<key>676FCDDB19C8EDBA0015AF48</key>
		<dict>
			<key>fileRef</key>
			<string>676FCDDA19C8EDBA0015AF48</string>
			<key>isa</key>
			<string>PBXBuildFile</string>
		</dict>
		<key>676FCDDC19C8EDBA0015AF48</key>
		<dict>
			<key>isa</key>
			<string>PBXFileReference</string>
			<key>lastKnownFileType</key>
			<string>wrapper.framework</string>
			<key>name</key>
			<string>UIKit.framework</string>
			<key>path</key>
			<string>System/Library/Frameworks/UIKit.framework</string>
			<key>sourceTree</key>
			<string>SDKROOT</string>
		</dict>
		<key>676FCDDD19C8EDBA0015AF48</key>
		<dict>
			<key>fileRef</key>
			<string>676FCDDC19C8EDBA0015AF48</string>
			<key>isa</key>
			<string>PBXBuildFile</string>
		</dict>
		<key>676FCDDE19C8EDBA0015AF48</key>
		<dict>
			<key>children</key>
			<array>
				<string>676FCE1919C8F7940015AF48</string>
				<string>676FCDE719C8EDBA0015AF48</string>
				<string>676FCDE819C8EDBA0015AF48</string>
				<string>676FCE1619C8F4530015AF48</string>
				<string>676FCDF019C8EDBA0015AF48</string>
				<string>676FCDDF19C8EDBA0015AF48</string>
			</array>
			<key>isa</key>
			<string>PBXGroup</string>
			<key>path</key>
			<string>AlumniDB</string>
			<key>sourceTree</key>
			<string>&lt;group&gt;</string>
		</dict>
		<key>676FCDDF19C8EDBA0015AF48</key>
		<dict>
			<key>children</key>
			<array>
				<string>676FCDE019C8EDBA0015AF48</string>
				<string>676FCDE119C8EDBA0015AF48</string>
				<string>676FCDE419C8EDBA0015AF48</string>
				<string>676FCDE619C8EDBA0015AF48</string>
			</array>
			<key>isa</key>
			<string>PBXGroup</string>
			<key>name</key>
			<string>Supporting Files</string>
			<key>sourceTree</key>
			<string>&lt;group&gt;</string>
		</dict>
		<key>676FCDE019C8EDBA0015AF48</key>
		<dict>
			<key>isa</key>
			<string>PBXFileReference</string>
			<key>lastKnownFileType</key>
			<string>text.plist.xml</string>
			<key>path</key>
			<string>AlumniDB-Info.plist</string>
			<key>sourceTree</key>
			<string>&lt;group&gt;</string>
		</dict>
		<key>676FCDE119C8EDBA0015AF48</key>
		<dict>
			<key>children</key>
			<array>
				<string>676FCDE219C8EDBA0015AF48</string>
			</array>
			<key>isa</key>
			<string>PBXVariantGroup</string>
			<key>name</key>
			<string>InfoPlist.strings</string>
			<key>sourceTree</key>
			<string>&lt;group&gt;</string>
		</dict>
		<key>676FCDE219C8EDBA0015AF48</key>
		<dict>
			<key>isa</key>
			<string>PBXFileReference</string>
			<key>lastKnownFileType</key>
			<string>text.plist.strings</string>
			<key>name</key>
			<string>en</string>
			<key>path</key>
			<string>en.lproj/InfoPlist.strings</string>
			<key>sourceTree</key>
			<string>&lt;group&gt;</string>
		</dict>
		<key>676FCDE319C8EDBA0015AF48</key>
		<dict>
			<key>fileRef</key>
			<string>676FCDE119C8EDBA0015AF48</string>
			<key>isa</key>
			<string>PBXBuildFile</string>
		</dict>
		<key>676FCDE419C8EDBA0015AF48</key>
		<dict>
			<key>isa</key>
			<string>PBXFileReference</string>
			<key>lastKnownFileType</key>
			<string>sourcecode.c.objc</string>
			<key>path</key>
			<string>main.m</string>
			<key>sourceTree</key>
			<string>&lt;group&gt;</string>
		</dict>
		<key>676FCDE519C8EDBA0015AF48</key>
		<dict>
			<key>fileRef</key>
			<string>676FCDE419C8EDBA0015AF48</string>
			<key>isa</key>
			<string>PBXBuildFile</string>
		</dict>
		<key>676FCDE619C8EDBA0015AF48</key>
		<dict>
			<key>isa</key>
			<string>PBXFileReference</string>
			<key>lastKnownFileType</key>
			<string>sourcecode.c.h</string>
			<key>path</key>
			<string>AlumniDB-Prefix.pch</string>
			<key>sourceTree</key>
			<string>&lt;group&gt;</string>
		</dict>
		<key>676FCDE719C8EDBA0015AF48</key>
		<dict>
			<key>isa</key>
			<string>PBXFileReference</string>
			<key>lastKnownFileType</key>
			<string>sourcecode.c.h</string>
			<key>path</key>
			<string>AppDelegate.h</string>
			<key>sourceTree</key>
			<string>&lt;group&gt;</string>
		</dict>
		<key>676FCDE819C8EDBA0015AF48</key>
		<dict>
			<key>isa</key>
			<string>PBXFileReference</string>
			<key>lastKnownFileType</key>
			<string>sourcecode.c.objc</string>
			<key>path</key>
			<string>AppDelegate.m</string>
			<key>sourceTree</key>
			<string>&lt;group&gt;</string>
		</dict>
		<key>676FCDE919C8EDBA0015AF48</key>
		<dict>
			<key>fileRef</key>
			<string>676FCDE819C8EDBA0015AF48</string>
			<key>isa</key>
			<string>PBXBuildFile</string>
		</dict>
		<key>676FCDEA19C8EDBA0015AF48</key>
		<dict>
			<key>children</key>
			<array>
				<string>676FCDEB19C8EDBA0015AF48</string>
			</array>
			<key>isa</key>
			<string>PBXVariantGroup</string>
			<key>name</key>
			<string>Intro.storyboard</string>
			<key>sourceTree</key>
			<string>&lt;group&gt;</string>
		</dict>
		<key>676FCDEB19C8EDBA0015AF48</key>
		<dict>
			<key>isa</key>
			<string>PBXFileReference</string>
			<key>lastKnownFileType</key>
			<string>file.storyboard</string>
			<key>name</key>
			<string>Base</string>
			<key>path</key>
			<string>Base.lproj/Intro.storyboard</string>
			<key>sourceTree</key>
			<string>&lt;group&gt;</string>
		</dict>
		<key>676FCDEC19C8EDBA0015AF48</key>
		<dict>
			<key>fileRef</key>
			<string>676FCDEA19C8EDBA0015AF48</string>
			<key>isa</key>
			<string>PBXBuildFile</string>
		</dict>
		<key>676FCDED19C8EDBA0015AF48</key>
		<dict>
			<key>isa</key>
			<string>PBXFileReference</string>
			<key>lastKnownFileType</key>
			<string>sourcecode.c.h</string>
			<key>path</key>
			<string>ViewController.h</string>
			<key>sourceTree</key>
			<string>&lt;group&gt;</string>
		</dict>
		<key>676FCDEE19C8EDBA0015AF48</key>
		<dict>
			<key>isa</key>
			<string>PBXFileReference</string>
			<key>lastKnownFileType</key>
			<string>sourcecode.c.objc</string>
			<key>path</key>
			<string>ViewController.m</string>
			<key>sourceTree</key>
			<string>&lt;group&gt;</string>
		</dict>
		<key>676FCDEF19C8EDBA0015AF48</key>
		<dict>
			<key>fileRef</key>
			<string>676FCDEE19C8EDBA0015AF48</string>
			<key>isa</key>
			<string>PBXBuildFile</string>
		</dict>
		<key>676FCDF019C8EDBA0015AF48</key>
		<dict>
			<key>isa</key>
			<string>PBXFileReference</string>
			<key>lastKnownFileType</key>
			<string>folder.assetcatalog</string>
			<key>path</key>
			<string>Images.xcassets</string>
			<key>sourceTree</key>
			<string>&lt;group&gt;</string>
		</dict>
		<key>676FCDF119C8EDBA0015AF48</key>
		<dict>
			<key>fileRef</key>
			<string>676FCDF019C8EDBA0015AF48</string>
			<key>isa</key>
			<string>PBXBuildFile</string>
		</dict>
		<key>676FCDF219C8EDBA0015AF48</key>
		<dict>
			<key>buildActionMask</key>
			<string>2147483647</string>
			<key>files</key>
			<array>
				<string>676FCE0419C8EDBB0015AF48</string>
			</array>
			<key>isa</key>
			<string>PBXSourcesBuildPhase</string>
			<key>runOnlyForDeploymentPostprocessing</key>
			<string>0</string>
		</dict>
		<key>676FCDF319C8EDBA0015AF48</key>
		<dict>
			<key>buildActionMask</key>
			<string>2147483647</string>
			<key>files</key>
			<array>
				<string>676FCDF819C8EDBA0015AF48</string>
				<string>676FCDFA19C8EDBB0015AF48</string>
				<string>676FCDF919C8EDBA0015AF48</string>
			</array>
			<key>isa</key>
			<string>PBXFrameworksBuildPhase</string>
			<key>runOnlyForDeploymentPostprocessing</key>
			<string>0</string>
		</dict>
		<key>676FCDF419C8EDBA0015AF48</key>
		<dict>
			<key>buildActionMask</key>
			<string>2147483647</string>
			<key>files</key>
			<array>
				<string>676FCE0219C8EDBB0015AF48</string>
			</array>
			<key>isa</key>
			<string>PBXResourcesBuildPhase</string>
			<key>runOnlyForDeploymentPostprocessing</key>
			<string>0</string>
		</dict>
		<key>676FCDF519C8EDBA0015AF48</key>
		<dict>
			<key>buildConfigurationList</key>
			<string>676FCE0A19C8EDBB0015AF48</string>
			<key>buildPhases</key>
			<array>
				<string>676FCDF219C8EDBA0015AF48</string>
				<string>676FCDF319C8EDBA0015AF48</string>
				<string>676FCDF419C8EDBA0015AF48</string>
			</array>
			<key>buildRules</key>
			<array/>
			<key>dependencies</key>
			<array>
				<string>676FCDFC19C8EDBB0015AF48</string>
			</array>
			<key>isa</key>
			<string>PBXNativeTarget</string>
			<key>name</key>
			<string>AlumniDBTests</string>
			<key>productName</key>
			<string>AlumniDBTests</string>
			<key>productReference</key>
			<string>676FCDF619C8EDBA0015AF48</string>
			<key>productType</key>
			<string>com.apple.product-type.bundle.unit-test</string>
		</dict>
		<key>676FCDF619C8EDBA0015AF48</key>
		<dict>
			<key>explicitFileType</key>
			<string>wrapper.cfbundle</string>
			<key>includeInIndex</key>
			<string>0</string>
			<key>isa</key>
			<string>PBXFileReference</string>
			<key>path</key>
			<string>AlumniDBTests.xctest</string>
			<key>sourceTree</key>
			<string>BUILT_PRODUCTS_DIR</string>
		</dict>
		<key>676FCDF719C8EDBA0015AF48</key>
		<dict>
			<key>isa</key>
			<string>PBXFileReference</string>
			<key>lastKnownFileType</key>
			<string>wrapper.framework</string>
			<key>name</key>
			<string>XCTest.framework</string>
			<key>path</key>
			<string>Library/Frameworks/XCTest.framework</string>
			<key>sourceTree</key>
			<string>DEVELOPER_DIR</string>
		</dict>
		<key>676FCDF819C8EDBA0015AF48</key>
		<dict>
			<key>fileRef</key>
			<string>676FCDF719C8EDBA0015AF48</string>
			<key>isa</key>
			<string>PBXBuildFile</string>
		</dict>
		<key>676FCDF919C8EDBA0015AF48</key>
		<dict>
			<key>fileRef</key>
			<string>676FCDD819C8EDBA0015AF48</string>
			<key>isa</key>
			<string>PBXBuildFile</string>
		</dict>
		<key>676FCDFA19C8EDBB0015AF48</key>
		<dict>
			<key>fileRef</key>
			<string>676FCDDC19C8EDBA0015AF48</string>
			<key>isa</key>
			<string>PBXBuildFile</string>
		</dict>
		<key>676FCDFB19C8EDBB0015AF48</key>
		<dict>
			<key>containerPortal</key>
			<string>676FCDCD19C8EDBA0015AF48</string>
			<key>isa</key>
			<string>PBXContainerItemProxy</string>
			<key>proxyType</key>
			<string>1</string>
			<key>remoteGlobalIDString</key>
			<string>676FCDD419C8EDBA0015AF48</string>
			<key>remoteInfo</key>
			<string>AlumniDB</string>
		</dict>
		<key>676FCDFC19C8EDBB0015AF48</key>
		<dict>
			<key>isa</key>
			<string>PBXTargetDependency</string>
			<key>target</key>
			<string>676FCDD419C8EDBA0015AF48</string>
			<key>targetProxy</key>
			<string>676FCDFB19C8EDBB0015AF48</string>
		</dict>
		<key>676FCDFD19C8EDBB0015AF48</key>
		<dict>
			<key>children</key>
			<array>
				<string>676FCE0319C8EDBB0015AF48</string>
				<string>676FCDFE19C8EDBB0015AF48</string>
			</array>
			<key>isa</key>
			<string>PBXGroup</string>
			<key>path</key>
			<string>AlumniDBTests</string>
			<key>sourceTree</key>
			<string>&lt;group&gt;</string>
		</dict>
		<key>676FCDFE19C8EDBB0015AF48</key>
		<dict>
			<key>children</key>
			<array>
				<string>676FCDFF19C8EDBB0015AF48</string>
				<string>676FCE0019C8EDBB0015AF48</string>
			</array>
			<key>isa</key>
			<string>PBXGroup</string>
			<key>name</key>
			<string>Supporting Files</string>
			<key>sourceTree</key>
			<string>&lt;group&gt;</string>
		</dict>
		<key>676FCDFF19C8EDBB0015AF48</key>
		<dict>
			<key>isa</key>
			<string>PBXFileReference</string>
			<key>lastKnownFileType</key>
			<string>text.plist.xml</string>
			<key>path</key>
			<string>AlumniDBTests-Info.plist</string>
			<key>sourceTree</key>
			<string>&lt;group&gt;</string>
		</dict>
		<key>676FCE0019C8EDBB0015AF48</key>
		<dict>
			<key>children</key>
			<array>
				<string>676FCE0119C8EDBB0015AF48</string>
			</array>
			<key>isa</key>
			<string>PBXVariantGroup</string>
			<key>name</key>
			<string>InfoPlist.strings</string>
			<key>sourceTree</key>
			<string>&lt;group&gt;</string>
		</dict>
		<key>676FCE0119C8EDBB0015AF48</key>
		<dict>
			<key>isa</key>
			<string>PBXFileReference</string>
			<key>lastKnownFileType</key>
			<string>text.plist.strings</string>
			<key>name</key>
			<string>en</string>
			<key>path</key>
			<string>en.lproj/InfoPlist.strings</string>
			<key>sourceTree</key>
			<string>&lt;group&gt;</string>
		</dict>
		<key>676FCE0219C8EDBB0015AF48</key>
		<dict>
			<key>fileRef</key>
			<string>676FCE0019C8EDBB0015AF48</string>
			<key>isa</key>
			<string>PBXBuildFile</string>
		</dict>
		<key>676FCE0319C8EDBB0015AF48</key>
		<dict>
			<key>isa</key>
			<string>PBXFileReference</string>
			<key>lastKnownFileType</key>
			<string>sourcecode.c.objc</string>
			<key>path</key>
			<string>AlumniDBTests.m</string>
			<key>sourceTree</key>
			<string>&lt;group&gt;</string>
		</dict>
		<key>676FCE0419C8EDBB0015AF48</key>
		<dict>
			<key>fileRef</key>
			<string>676FCE0319C8EDBB0015AF48</string>
			<key>isa</key>
			<string>PBXBuildFile</string>
		</dict>
		<key>676FCE0519C8EDBB0015AF48</key>
		<dict>
			<key>buildSettings</key>
			<dict>
				<key>ALWAYS_SEARCH_USER_PATHS</key>
				<string>NO</string>
				<key>CLANG_CXX_LANGUAGE_STANDARD</key>
				<string>gnu++0x</string>
				<key>CLANG_CXX_LIBRARY</key>
				<string>libc++</string>
				<key>CLANG_ENABLE_MODULES</key>
				<string>YES</string>
				<key>CLANG_ENABLE_OBJC_ARC</key>
				<string>YES</string>
				<key>CLANG_WARN_BOOL_CONVERSION</key>
				<string>YES</string>
				<key>CLANG_WARN_CONSTANT_CONVERSION</key>
				<string>YES</string>
				<key>CLANG_WARN_DIRECT_OBJC_ISA_USAGE</key>
				<string>YES_ERROR</string>
				<key>CLANG_WARN_EMPTY_BODY</key>
				<string>YES</string>
				<key>CLANG_WARN_ENUM_CONVERSION</key>
				<string>YES</string>
				<key>CLANG_WARN_INT_CONVERSION</key>
				<string>YES</string>
				<key>CLANG_WARN_OBJC_ROOT_CLASS</key>
				<string>YES_ERROR</string>
				<key>CLANG_WARN__DUPLICATE_METHOD_MATCH</key>
				<string>YES</string>
				<key>CODE_SIGN_IDENTITY[sdk=iphoneos*]</key>
				<string>iPhone Developer</string>
				<key>COPY_PHASE_STRIP</key>
				<string>NO</string>
				<key>GCC_C_LANGUAGE_STANDARD</key>
				<string>gnu99</string>
				<key>GCC_DYNAMIC_NO_PIC</key>
				<string>NO</string>
				<key>GCC_OPTIMIZATION_LEVEL</key>
				<string>0</string>
				<key>GCC_PREPROCESSOR_DEFINITIONS</key>
				<array>
					<string>DEBUG=1</string>
					<string>$(inherited)</string>
				</array>
				<key>GCC_SYMBOLS_PRIVATE_EXTERN</key>
				<string>NO</string>
				<key>GCC_WARN_64_TO_32_BIT_CONVERSION</key>
				<string>YES</string>
				<key>GCC_WARN_ABOUT_RETURN_TYPE</key>
				<string>YES_ERROR</string>
				<key>GCC_WARN_UNDECLARED_SELECTOR</key>
				<string>YES</string>
				<key>GCC_WARN_UNINITIALIZED_AUTOS</key>
				<string>YES_AGGRESSIVE</string>
				<key>GCC_WARN_UNUSED_FUNCTION</key>
				<string>YES</string>
				<key>GCC_WARN_UNUSED_VARIABLE</key>
				<string>YES</string>
				<key>IPHONEOS_DEPLOYMENT_TARGET</key>
				<string>7.1</string>
				<key>ONLY_ACTIVE_ARCH</key>
				<string>YES</string>
				<key>SDKROOT</key>
				<string>iphoneos</string>
			</dict>
			<key>isa</key>
			<string>XCBuildConfiguration</string>
			<key>name</key>
			<string>Debug</string>
		</dict>
		<key>676FCE0619C8EDBB0015AF48</key>
		<dict>
			<key>buildSettings</key>
			<dict>
				<key>ALWAYS_SEARCH_USER_PATHS</key>
				<string>NO</string>
				<key>CLANG_CXX_LANGUAGE_STANDARD</key>
				<string>gnu++0x</string>
				<key>CLANG_CXX_LIBRARY</key>
				<string>libc++</string>
				<key>CLANG_ENABLE_MODULES</key>
				<string>YES</string>
				<key>CLANG_ENABLE_OBJC_ARC</key>
				<string>YES</string>
				<key>CLANG_WARN_BOOL_CONVERSION</key>
				<string>YES</string>
				<key>CLANG_WARN_CONSTANT_CONVERSION</key>
				<string>YES</string>
				<key>CLANG_WARN_DIRECT_OBJC_ISA_USAGE</key>
				<string>YES_ERROR</string>
				<key>CLANG_WARN_EMPTY_BODY</key>
				<string>YES</string>
				<key>CLANG_WARN_ENUM_CONVERSION</key>
				<string>YES</string>
				<key>CLANG_WARN_INT_CONVERSION</key>
				<string>YES</string>
				<key>CLANG_WARN_OBJC_ROOT_CLASS</key>
				<string>YES_ERROR</string>
				<key>CLANG_WARN__DUPLICATE_METHOD_MATCH</key>
				<string>YES</string>
				<key>CODE_SIGN_IDENTITY[sdk=iphoneos*]</key>
				<string>iPhone Developer</string>
				<key>COPY_PHASE_STRIP</key>
				<string>YES</string>
				<key>ENABLE_NS_ASSERTIONS</key>
				<string>NO</string>
				<key>GCC_C_LANGUAGE_STANDARD</key>
				<string>gnu99</string>
				<key>GCC_WARN_64_TO_32_BIT_CONVERSION</key>
				<string>YES</string>
				<key>GCC_WARN_ABOUT_RETURN_TYPE</key>
				<string>YES_ERROR</string>
				<key>GCC_WARN_UNDECLARED_SELECTOR</key>
				<string>YES</string>
				<key>GCC_WARN_UNINITIALIZED_AUTOS</key>
				<string>YES_AGGRESSIVE</string>
				<key>GCC_WARN_UNUSED_FUNCTION</key>
				<string>YES</string>
				<key>GCC_WARN_UNUSED_VARIABLE</key>
				<string>YES</string>
				<key>IPHONEOS_DEPLOYMENT_TARGET</key>
				<string>7.1</string>
				<key>SDKROOT</key>
				<string>iphoneos</string>
				<key>VALIDATE_PRODUCT</key>
				<string>YES</string>
			</dict>
			<key>isa</key>
			<string>XCBuildConfiguration</string>
			<key>name</key>
			<string>Release</string>
		</dict>
		<key>676FCE0719C8EDBB0015AF48</key>
		<dict>
			<key>buildConfigurations</key>
			<array>
				<string>676FCE0819C8EDBB0015AF48</string>
				<string>676FCE0919C8EDBB0015AF48</string>
			</array>
			<key>defaultConfigurationIsVisible</key>
			<string>0</string>
			<key>defaultConfigurationName</key>
			<string>Release</string>
			<key>isa</key>
			<string>XCConfigurationList</string>
		</dict>
		<key>676FCE0819C8EDBB0015AF48</key>
		<dict>
			<key>baseConfigurationReference</key>
			<string>116E0A3ED8B5451DCDA1263F</string>
			<key>buildSettings</key>
			<dict>
				<key>ASSETCATALOG_COMPILER_APPICON_NAME</key>
				<string>AppIcon</string>
				<key>ASSETCATALOG_COMPILER_LAUNCHIMAGE_NAME</key>
				<string>LaunchImage</string>
				<key>GCC_PRECOMPILE_PREFIX_HEADER</key>
				<string>YES</string>
				<key>GCC_PREFIX_HEADER</key>
				<string>AlumniDB/AlumniDB-Prefix.pch</string>
				<key>INFOPLIST_FILE</key>
				<string>AlumniDB/AlumniDB-Info.plist</string>
				<key>PRODUCT_NAME</key>
				<string>$(TARGET_NAME)</string>
				<key>WRAPPER_EXTENSION</key>
				<string>app</string>
			</dict>
			<key>isa</key>
			<string>XCBuildConfiguration</string>
			<key>name</key>
			<string>Debug</string>
		</dict>
		<key>676FCE0919C8EDBB0015AF48</key>
		<dict>
			<key>baseConfigurationReference</key>
			<string>2FA27A199968201F3D554977</string>
			<key>buildSettings</key>
			<dict>
				<key>ASSETCATALOG_COMPILER_APPICON_NAME</key>
				<string>AppIcon</string>
				<key>ASSETCATALOG_COMPILER_LAUNCHIMAGE_NAME</key>
				<string>LaunchImage</string>
				<key>GCC_PRECOMPILE_PREFIX_HEADER</key>
				<string>YES</string>
				<key>GCC_PREFIX_HEADER</key>
				<string>AlumniDB/AlumniDB-Prefix.pch</string>
				<key>INFOPLIST_FILE</key>
				<string>AlumniDB/AlumniDB-Info.plist</string>
				<key>PRODUCT_NAME</key>
				<string>$(TARGET_NAME)</string>
				<key>WRAPPER_EXTENSION</key>
				<string>app</string>
			</dict>
			<key>isa</key>
			<string>XCBuildConfiguration</string>
			<key>name</key>
			<string>Release</string>
		</dict>
		<key>676FCE0A19C8EDBB0015AF48</key>
		<dict>
			<key>buildConfigurations</key>
			<array>
				<string>676FCE0B19C8EDBB0015AF48</string>
				<string>676FCE0C19C8EDBB0015AF48</string>
			</array>
			<key>defaultConfigurationIsVisible</key>
			<string>0</string>
			<key>defaultConfigurationName</key>
			<string>Release</string>
			<key>isa</key>
			<string>XCConfigurationList</string>
		</dict>
		<key>676FCE0B19C8EDBB0015AF48</key>
		<dict>
			<key>buildSettings</key>
			<dict>
				<key>BUNDLE_LOADER</key>
				<string>$(BUILT_PRODUCTS_DIR)/AlumniDB.app/AlumniDB</string>
				<key>FRAMEWORK_SEARCH_PATHS</key>
				<array>
					<string>$(SDKROOT)/Developer/Library/Frameworks</string>
					<string>$(inherited)</string>
					<string>$(DEVELOPER_FRAMEWORKS_DIR)</string>
				</array>
				<key>GCC_PRECOMPILE_PREFIX_HEADER</key>
				<string>YES</string>
				<key>GCC_PREFIX_HEADER</key>
				<string>AlumniDB/AlumniDB-Prefix.pch</string>
				<key>GCC_PREPROCESSOR_DEFINITIONS</key>
				<array>
					<string>DEBUG=1</string>
					<string>$(inherited)</string>
				</array>
				<key>INFOPLIST_FILE</key>
				<string>AlumniDBTests/AlumniDBTests-Info.plist</string>
				<key>PRODUCT_NAME</key>
				<string>$(TARGET_NAME)</string>
				<key>TEST_HOST</key>
				<string>$(BUNDLE_LOADER)</string>
				<key>WRAPPER_EXTENSION</key>
				<string>xctest</string>
			</dict>
			<key>isa</key>
			<string>XCBuildConfiguration</string>
			<key>name</key>
			<string>Debug</string>
		</dict>
		<key>676FCE0C19C8EDBB0015AF48</key>
		<dict>
			<key>buildSettings</key>
			<dict>
				<key>BUNDLE_LOADER</key>
				<string>$(BUILT_PRODUCTS_DIR)/AlumniDB.app/AlumniDB</string>
				<key>FRAMEWORK_SEARCH_PATHS</key>
				<array>
					<string>$(SDKROOT)/Developer/Library/Frameworks</string>
					<string>$(inherited)</string>
					<string>$(DEVELOPER_FRAMEWORKS_DIR)</string>
				</array>
				<key>GCC_PRECOMPILE_PREFIX_HEADER</key>
				<string>YES</string>
				<key>GCC_PREFIX_HEADER</key>
				<string>AlumniDB/AlumniDB-Prefix.pch</string>
				<key>INFOPLIST_FILE</key>
				<string>AlumniDBTests/AlumniDBTests-Info.plist</string>
				<key>PRODUCT_NAME</key>
				<string>$(TARGET_NAME)</string>
				<key>TEST_HOST</key>
				<string>$(BUNDLE_LOADER)</string>
				<key>WRAPPER_EXTENSION</key>
				<string>xctest</string>
			</dict>
			<key>isa</key>
			<string>XCBuildConfiguration</string>
			<key>name</key>
			<string>Release</string>
		</dict>
		<key>676FCE0D19C8F2730015AF48</key>
		<dict>
			<key>fileEncoding</key>
			<string>4</string>
			<key>isa</key>
			<string>PBXFileReference</string>
			<key>lastKnownFileType</key>
			<string>sourcecode.c.h</string>
			<key>path</key>
			<string>SignInViewController.h</string>
			<key>sourceTree</key>
			<string>&lt;group&gt;</string>
		</dict>
		<key>676FCE0E19C8F2730015AF48</key>
		<dict>
			<key>fileEncoding</key>
			<string>4</string>
			<key>isa</key>
			<string>PBXFileReference</string>
			<key>lastKnownFileType</key>
			<string>sourcecode.c.objc</string>
			<key>path</key>
			<string>SignInViewController.m</string>
			<key>sourceTree</key>
			<string>&lt;group&gt;</string>
		</dict>
		<key>676FCE0F19C8F2730015AF48</key>
		<dict>
			<key>fileRef</key>
			<string>676FCE0E19C8F2730015AF48</string>
			<key>isa</key>
			<string>PBXBuildFile</string>
		</dict>
		<key>676FCE1019C8F3CA0015AF48</key>
		<dict>
			<key>fileEncoding</key>
			<string>4</string>
			<key>isa</key>
			<string>PBXFileReference</string>
			<key>lastKnownFileType</key>
			<string>sourcecode.c.h</string>
			<key>path</key>
			<string>SignUpViewController.h</string>
			<key>sourceTree</key>
			<string>&lt;group&gt;</string>
		</dict>
		<key>676FCE1119C8F3CA0015AF48</key>
		<dict>
			<key>fileEncoding</key>
			<string>4</string>
			<key>isa</key>
			<string>PBXFileReference</string>
			<key>lastKnownFileType</key>
			<string>sourcecode.c.objc</string>
			<key>path</key>
			<string>SignUpViewController.m</string>
			<key>sourceTree</key>
			<string>&lt;group&gt;</string>
		</dict>
		<key>676FCE1219C8F3CA0015AF48</key>
		<dict>
			<key>fileRef</key>
			<string>676FCE1119C8F3CA0015AF48</string>
			<key>isa</key>
			<string>PBXBuildFile</string>
		</dict>
		<key>676FCE1319C8F4470015AF48</key>
		<dict>
			<key>fileEncoding</key>
			<string>4</string>
			<key>isa</key>
			<string>PBXFileReference</string>
			<key>lastKnownFileType</key>
			<string>sourcecode.c.h</string>
			<key>path</key>
			<string>ConfirmInformationViewController.h</string>
			<key>sourceTree</key>
			<string>&lt;group&gt;</string>
		</dict>
		<key>676FCE1419C8F4470015AF48</key>
		<dict>
			<key>fileEncoding</key>
			<string>4</string>
			<key>isa</key>
			<string>PBXFileReference</string>
			<key>lastKnownFileType</key>
			<string>sourcecode.c.objc</string>
			<key>path</key>
			<string>ConfirmInformationViewController.m</string>
			<key>sourceTree</key>
			<string>&lt;group&gt;</string>
		</dict>
		<key>676FCE1519C8F4470015AF48</key>
		<dict>
			<key>fileRef</key>
			<string>676FCE1419C8F4470015AF48</string>
			<key>isa</key>
			<string>PBXBuildFile</string>
		</dict>
		<key>676FCE1619C8F4530015AF48</key>
		<dict>
			<key>children</key>
			<array>
				<string>676FCE3119C9E3F60015AF48</string>
				<string>676FCE3219C9E3F60015AF48</string>
				<string>676FCDEA19C8EDBA0015AF48</string>
				<string>676FCDED19C8EDBA0015AF48</string>
				<string>676FCDEE19C8EDBA0015AF48</string>
				<string>676FCE0D19C8F2730015AF48</string>
				<string>676FCE0E19C8F2730015AF48</string>
				<string>676FCE1019C8F3CA0015AF48</string>
				<string>676FCE1119C8F3CA0015AF48</string>
				<string>676FCE1319C8F4470015AF48</string>
				<string>676FCE1419C8F4470015AF48</string>
				<string>676FCE1A19C8FA7A0015AF48</string>
				<string>676FCE1B19C8FA7A0015AF48</string>
				<string>6735923119DB696000BF2B70</string>
				<string>6735923219DB696000BF2B70</string>
			</array>
			<key>isa</key>
			<string>PBXGroup</string>
			<key>name</key>
			<string>Intro Controllers</string>
			<key>sourceTree</key>
			<string>&lt;group&gt;</string>
		</dict>
		<key>676FCE1719C8F4FA0015AF48</key>
		<dict>
			<key>fileEncoding</key>
			<string>4</string>
			<key>isa</key>
			<string>PBXFileReference</string>
			<key>lastKnownFileType</key>
			<string>file.storyboard</string>
			<key>path</key>
			<string>Main.storyboard</string>
			<key>sourceTree</key>
			<string>&lt;group&gt;</string>
		</dict>
		<key>676FCE1819C8F4FA0015AF48</key>
		<dict>
			<key>fileRef</key>
			<string>676FCE1719C8F4FA0015AF48</string>
			<key>isa</key>
			<string>PBXBuildFile</string>
		</dict>
		<key>676FCE1919C8F7940015AF48</key>
		<dict>
			<key>children</key>
			<array>
				<string>676FCE1719C8F4FA0015AF48</string>
				<string>6735923419DB6A2400BF2B70</string>
				<string>6735923519DB6A2400BF2B70</string>
				<string>6735923719DB6A3400BF2B70</string>
				<string>6735923819DB6A3400BF2B70</string>
				<string>6735923A19DB6A4600BF2B70</string>
				<string>6735923B19DB6A4600BF2B70</string>
			</array>
			<key>isa</key>
			<string>PBXGroup</string>
			<key>name</key>
			<string>Main Controllers</string>
			<key>sourceTree</key>
			<string>&lt;group&gt;</string>
		</dict>
		<key>676FCE1A19C8FA7A0015AF48</key>
		<dict>
			<key>fileEncoding</key>
			<string>4</string>
			<key>isa</key>
			<string>PBXFileReference</string>
			<key>lastKnownFileType</key>
			<string>sourcecode.c.h</string>
			<key>path</key>
			<string>GiveSharePermissionViewController.h</string>
			<key>sourceTree</key>
			<string>&lt;group&gt;</string>
		</dict>
		<key>676FCE1B19C8FA7A0015AF48</key>
		<dict>
			<key>fileEncoding</key>
			<string>4</string>
			<key>isa</key>
			<string>PBXFileReference</string>
			<key>lastKnownFileType</key>
			<string>sourcecode.c.objc</string>
			<key>path</key>
			<string>GiveSharePermissionViewController.m</string>
			<key>sourceTree</key>
			<string>&lt;group&gt;</string>
		</dict>
		<key>676FCE1C19C8FA7A0015AF48</key>
		<dict>
			<key>fileRef</key>
			<string>676FCE1B19C8FA7A0015AF48</string>
			<key>isa</key>
			<string>PBXBuildFile</string>
		</dict>
		<key>676FCE1D19C9DF1B0015AF48</key>
		<dict>
			<key>isa</key>
			<string>PBXFileReference</string>
			<key>lastKnownFileType</key>
			<string>wrapper.framework</string>
			<key>name</key>
			<string>MapKit.framework</string>
			<key>path</key>
			<string>System/Library/Frameworks/MapKit.framework</string>
			<key>sourceTree</key>
			<string>SDKROOT</string>
		</dict>
		<key>676FCE1E19C9DF1B0015AF48</key>
		<dict>
			<key>fileRef</key>
			<string>676FCE1D19C9DF1B0015AF48</string>
			<key>isa</key>
			<string>PBXBuildFile</string>
		</dict>
		<key>676FCE1F19C9DF220015AF48</key>
		<dict>
			<key>isa</key>
			<string>PBXFileReference</string>
			<key>lastKnownFileType</key>
			<string>wrapper.framework</string>
			<key>name</key>
			<string>QuartzCore.framework</string>
			<key>path</key>
			<string>System/Library/Frameworks/QuartzCore.framework</string>
			<key>sourceTree</key>
			<string>SDKROOT</string>
		</dict>
		<key>676FCE2019C9DF220015AF48</key>
		<dict>
			<key>fileRef</key>
			<string>676FCE1F19C9DF220015AF48</string>
			<key>isa</key>
			<string>PBXBuildFile</string>
		</dict>
		<key>676FCE2119C9DF480015AF48</key>
		<dict>
			<key>isa</key>
			<string>PBXFileReference</string>
			<key>lastKnownFileType</key>
			<string>wrapper.framework</string>
			<key>name</key>
			<string>AudioToolbox.framework</string>
			<key>path</key>
			<string>System/Library/Frameworks/AudioToolbox.framework</string>
			<key>sourceTree</key>
			<string>SDKROOT</string>
		</dict>
		<key>676FCE2219C9DF480015AF48</key>
		<dict>
			<key>fileRef</key>
			<string>676FCE2119C9DF480015AF48</string>
			<key>isa</key>
			<string>PBXBuildFile</string>
		</dict>
		<key>676FCE2319C9DF510015AF48</key>
		<dict>
			<key>isa</key>
			<string>PBXFileReference</string>
			<key>lastKnownFileType</key>
			<string>wrapper.framework</string>
			<key>name</key>
			<string>CFNetwork.framework</string>
			<key>path</key>
			<string>System/Library/Frameworks/CFNetwork.framework</string>
			<key>sourceTree</key>
			<string>SDKROOT</string>
		</dict>
		<key>676FCE2419C9DF510015AF48</key>
		<dict>
			<key>fileRef</key>
			<string>676FCE2319C9DF510015AF48</string>
			<key>isa</key>
			<string>PBXBuildFile</string>
		</dict>
		<key>676FCE2519C9DF5A0015AF48</key>
		<dict>
			<key>isa</key>
			<string>PBXFileReference</string>
			<key>lastKnownFileType</key>
			<string>wrapper.framework</string>
			<key>name</key>
			<string>CoreLocation.framework</string>
			<key>path</key>
			<string>System/Library/Frameworks/CoreLocation.framework</string>
			<key>sourceTree</key>
			<string>SDKROOT</string>
		</dict>
		<key>676FCE2619C9DF5A0015AF48</key>
		<dict>
			<key>fileRef</key>
			<string>676FCE2519C9DF5A0015AF48</string>
			<key>isa</key>
			<string>PBXBuildFile</string>
		</dict>
		<key>676FCE2719C9DF630015AF48</key>
		<dict>
			<key>isa</key>
			<string>PBXFileReference</string>
			<key>lastKnownFileType</key>
			<string>compiled.mach-o.dylib</string>
			<key>name</key>
			<string>libz.dylib</string>
			<key>path</key>
			<string>usr/lib/libz.dylib</string>
			<key>sourceTree</key>
			<string>SDKROOT</string>
		</dict>
		<key>676FCE2819C9DF630015AF48</key>
		<dict>
			<key>fileRef</key>
			<string>676FCE2719C9DF630015AF48</string>
			<key>isa</key>
			<string>PBXBuildFile</string>
		</dict>
		<key>676FCE2919C9DF6C0015AF48</key>
		<dict>
			<key>isa</key>
			<string>PBXFileReference</string>
			<key>lastKnownFileType</key>
			<string>wrapper.framework</string>
			<key>name</key>
			<string>MobileCoreServices.framework</string>
			<key>path</key>
			<string>System/Library/Frameworks/MobileCoreServices.framework</string>
			<key>sourceTree</key>
			<string>SDKROOT</string>
		</dict>
		<key>676FCE2A19C9DF6C0015AF48</key>
		<dict>
			<key>fileRef</key>
			<string>676FCE2919C9DF6C0015AF48</string>
			<key>isa</key>
			<string>PBXBuildFile</string>
		</dict>
		<key>676FCE2B19C9DF740015AF48</key>
		<dict>
			<key>isa</key>
			<string>PBXFileReference</string>
			<key>lastKnownFileType</key>
			<string>wrapper.framework</string>
			<key>name</key>
			<string>Security.framework</string>
			<key>path</key>
			<string>System/Library/Frameworks/Security.framework</string>
			<key>sourceTree</key>
			<string>SDKROOT</string>
		</dict>
		<key>676FCE2C19C9DF740015AF48</key>
		<dict>
			<key>fileRef</key>
			<string>676FCE2B19C9DF740015AF48</string>
			<key>isa</key>
			<string>PBXBuildFile</string>
		</dict>
		<key>676FCE2D19C9DF7B0015AF48</key>
		<dict>
			<key>isa</key>
			<string>PBXFileReference</string>
			<key>lastKnownFileType</key>
			<string>wrapper.framework</string>
			<key>name</key>
			<string>StoreKit.framework</string>
			<key>path</key>
			<string>System/Library/Frameworks/StoreKit.framework</string>
			<key>sourceTree</key>
			<string>SDKROOT</string>
		</dict>
		<key>676FCE2E19C9DF7C0015AF48</key>
		<dict>
			<key>fileRef</key>
			<string>676FCE2D19C9DF7B0015AF48</string>
			<key>isa</key>
			<string>PBXBuildFile</string>
		</dict>
		<key>676FCE2F19C9DF850015AF48</key>
		<dict>
			<key>isa</key>
			<string>PBXFileReference</string>
			<key>lastKnownFileType</key>
			<string>wrapper.framework</string>
			<key>name</key>
			<string>SystemConfiguration.framework</string>
			<key>path</key>
			<string>System/Library/Frameworks/SystemConfiguration.framework</string>
			<key>sourceTree</key>
			<string>SDKROOT</string>
		</dict>
		<key>676FCE3019C9DF850015AF48</key>
		<dict>
			<key>fileRef</key>
			<string>676FCE2F19C9DF850015AF48</string>
			<key>isa</key>
			<string>PBXBuildFile</string>
		</dict>
		<key>676FCE3119C9E3F60015AF48</key>
		<dict>
			<key>fileEncoding</key>
			<string>4</string>
			<key>isa</key>
			<string>PBXFileReference</string>
			<key>lastKnownFileType</key>
			<string>sourcecode.c.h</string>
			<key>path</key>
			<string>RequestLoggiaEmailViewController.h</string>
			<key>sourceTree</key>
			<string>&lt;group&gt;</string>
		</dict>
		<key>676FCE3219C9E3F60015AF48</key>
		<dict>
			<key>fileEncoding</key>
			<string>4</string>
			<key>isa</key>
			<string>PBXFileReference</string>
			<key>lastKnownFileType</key>
			<string>sourcecode.c.objc</string>
			<key>path</key>
			<string>RequestLoggiaEmailViewController.m</string>
			<key>sourceTree</key>
			<string>&lt;group&gt;</string>
		</dict>
		<key>676FCE3319C9E3F60015AF48</key>
		<dict>
			<key>fileRef</key>
			<string>676FCE3219C9E3F60015AF48</string>
			<key>isa</key>
			<string>PBXBuildFile</string>
		</dict>
		<key>814C5BA4C1F783D5721B36AD</key>
		<dict>
			<key>explicitFileType</key>
			<string>archive.ar</string>
			<key>includeInIndex</key>
			<string>0</string>
			<key>isa</key>
			<string>PBXFileReference</string>
			<key>path</key>
			<string>libPods.a</string>
			<key>sourceTree</key>
			<string>BUILT_PRODUCTS_DIR</string>
		</dict>
		<key>86A4A452CD148653DF0F7E91</key>
		<dict>
			<key>buildActionMask</key>
			<string>2147483647</string>
			<key>files</key>
			<array/>
			<key>inputPaths</key>
			<array/>
			<key>isa</key>
			<string>PBXShellScriptBuildPhase</string>
			<key>name</key>
			<string>Copy Pods Resources</string>
			<key>outputPaths</key>
			<array/>
			<key>runOnlyForDeploymentPostprocessing</key>
			<string>0</string>
			<key>shellPath</key>
			<string>/bin/sh</string>
			<key>shellScript</key>
			<string>"${SRCROOT}/Pods/Target Support Files/Pods/Pods-resources.sh"
</string>
			<key>showEnvVarsInLog</key>
			<string>0</string>
		</dict>
	</dict>
	<key>rootObject</key>
	<string>676FCDCD19C8EDBA0015AF48</string>
</dict>
</plist>
